
Microsoft Visual Studio Solution File, Format Version 12.00
# Visual Studio Version 17
VisualStudioVersion = 17.9.34728.123
MinimumVisualStudioVersion = 10.0.40219.1
Project("{9A19103F-16F7-4668-BE54-9A1E7A4F7556}") = "RepairDepot", "RepairDepot\RepairDepot.csproj", "{66C7CEDB-6BAE-4EEC-ABF1-CD082757FF68}"
EndProject
Project("{9A19103F-16F7-4668-BE54-9A1E7A4F7556}") = "DatabaseAdapter", "DatabaseAdapter\DatabaseAdapter.csproj", "{11C8ED26-8897-4941-8B40-C4CB22FD5801}"
EndProject
Project("{9A19103F-16F7-4668-BE54-9A1E7A4F7556}") = "TestConsole", "TestConsole\TestConsole.csproj", "{23CC5BD8-81F4-4186-B903-46961E0E2E11}"
EndProject
Project("{2150E333-8FDC-42A3-9474-1A3956D46DE8}") = "Элементы решения", "Элементы решения", "{BA9172AB-108C-4264-8545-8D7D3ABF0E3A}"
	ProjectSection(SolutionItems) = preProject
		.gitignore = .gitignore
	EndProjectSection
EndProject
Global
	GlobalSection(SolutionConfigurationPlatforms) = preSolution
		Debug|Any CPU = Debug|Any CPU
		Release|Any CPU = Release|Any CPU
	EndGlobalSection
	GlobalSection(ProjectConfigurationPlatforms) = postSolution
		{66C7CEDB-6BAE-4EEC-ABF1-CD082757FF68}.Debug|Any CPU.ActiveCfg = Debug|Any CPU
		{66C7CEDB-6BAE-4EEC-ABF1-CD082757FF68}.Debug|Any CPU.Build.0 = Debug|Any CPU
		{66C7CEDB-6BAE-4EEC-ABF1-CD082757FF68}.Release|Any CPU.ActiveCfg = Release|Any CPU
		{66C7CEDB-6BAE-4EEC-ABF1-CD082757FF68}.Release|Any CPU.Build.0 = Release|Any CPU
		{11C8ED26-8897-4941-8B40-C4CB22FD5801}.Debug|Any CPU.ActiveCfg = Debug|Any CPU
		{11C8ED26-8897-4941-8B40-C4CB22FD5801}.Debug|Any CPU.Build.0 = Debug|Any CPU
		{11C8ED26-8897-4941-8B40-C4CB22FD5801}.Release|Any CPU.ActiveCfg = Release|Any CPU
		{11C8ED26-8897-4941-8B40-C4CB22FD5801}.Release|Any CPU.Build.0 = Release|Any CPU
		{23CC5BD8-81F4-4186-B903-46961E0E2E11}.Debug|Any CPU.ActiveCfg = Debug|Any CPU
		{23CC5BD8-81F4-4186-B903-46961E0E2E11}.Debug|Any CPU.Build.0 = Debug|Any CPU
		{23CC5BD8-81F4-4186-B903-46961E0E2E11}.Release|Any CPU.ActiveCfg = Release|Any CPU
		{23CC5BD8-81F4-4186-B903-46961E0E2E11}.Release|Any CPU.Build.0 = Release|Any CPU
	EndGlobalSection
	GlobalSection(SolutionProperties) = preSolution
		HideSolutionNode = FALSE
	EndGlobalSection
	GlobalSection(ExtensibilityGlobals) = postSolution
		SolutionGuid = {D0D0C87A-54E8-4F27-9B57-CF6BB7522312}
	EndGlobalSection
EndGlobal
